
Microsoft Visual Studio Solution File, Format Version 12.00
# Visual Studio Version 16
VisualStudioVersion = 16.0.29418.71
MinimumVisualStudioVersion = 10.0.40219.1
Project("{9A19103F-16F7-4668-BE54-9A1E7A4F7556}") = "BaSyx.Registry.Server.Http.Component", "BaSyx.Registry.Server.Http.Component\BaSyx.Registry.Server.Http.Component.csproj", "{6E6F6F0A-A596-490A-8E99-39B9BA998A75}"
EndProject
Project("{2150E333-8FDC-42A3-9474-1A3956D46DE8}") = "Registry", "Registry", "{E31F180A-CC7A-437C-BF89-3478C1DE4F5C}"
EndProject
Project("{9A19103F-16F7-4668-BE54-9A1E7A4F7556}") = "BaSyx.Registry.Client.Http", "BaSyx.Registry.Client.Http\BaSyx.Registry.Client.Http.csproj", "{FCB4F7DC-04E0-430B-BDBE-F0209F2A29DA}"
EndProject
Project("{9A19103F-16F7-4668-BE54-9A1E7A4F7556}") = "BaSyx.Registry.Server.Http", "BaSyx.Registry.Server.Http\BaSyx.Registry.Server.Http.csproj", "{6CF9D0AD-E6D7-4646-8D38-EF5BB35C9934}"
EndProject
Project("{9A19103F-16F7-4668-BE54-9A1E7A4F7556}") = "BaSyx.Registry.ReferenceImpl.FileBased", "BaSyx.Registry.ReferenceImpl.FileBased\BaSyx.Registry.ReferenceImpl.FileBased.csproj", "{402A3977-DC44-49A8-8FE7-409F5B7D15E5}"
EndProject
Project("{2150E333-8FDC-42A3-9474-1A3956D46DE8}") = "AssetAdministrationShell", "AssetAdministrationShell", "{D3E29E3D-ECAC-4F1E-A3F7-7236ED32A4C4}"
EndProject
Project("{9A19103F-16F7-4668-BE54-9A1E7A4F7556}") = "BaSyx.AAS.Client.Http", "BaSyx.AAS.Client.Http\BaSyx.AAS.Client.Http.csproj", "{FA7BBCA0-EB78-4AF1-BA56-EE00A61B1602}"
EndProject
Project("{9A19103F-16F7-4668-BE54-9A1E7A4F7556}") = "BaSyx.AAS.Server.Http", "BaSyx.AAS.Server.Http\BaSyx.AAS.Server.Http.csproj", "{4E535B66-90CA-4B06-85EC-4A9FC25DA55C}"
EndProject
Project("{2150E333-8FDC-42A3-9474-1A3956D46DE8}") = "Submodel", "Submodel", "{65F8A5ED-38DA-438D-BA67-9D63536F9534}"
EndProject
Project("{9A19103F-16F7-4668-BE54-9A1E7A4F7556}") = "BaSyx.Submodel.Client.Http", "BaSyx.Submodel.Client.Http\BaSyx.Submodel.Client.Http.csproj", "{F0C9AD7D-84AE-4060-B18D-BD28B2FE80F0}"
EndProject
Project("{9A19103F-16F7-4668-BE54-9A1E7A4F7556}") = "BaSyx.Submodel.Server.Http", "BaSyx.Submodel.Server.Http\BaSyx.Submodel.Server.Http.csproj", "{A751C274-02EE-4CB5-8C5D-821AC3363EA6}"
EndProject
Project("{2150E333-8FDC-42A3-9474-1A3956D46DE8}") = "Discovery", "Discovery", "{D4730DAB-AF9B-4ECD-9BB3-FA386754D3F8}"
EndProject
Project("{9A19103F-16F7-4668-BE54-9A1E7A4F7556}") = "BaSyx.Discovery.mDNS", "BaSyx.Discovery.mDNS\BaSyx.Discovery.mDNS.csproj", "{4DC3AA08-91EB-4A53-8F24-3F11E3A41149}"
EndProject
Project("{9A19103F-16F7-4668-BE54-9A1E7A4F7556}") = "BaSyx.Components.Common", "BaSyx.Components.Common\BaSyx.Components.Common.csproj", "{D8A737D1-4275-4DB2-9C1F-0C942C71E0B0}"
EndProject
Project("{2150E333-8FDC-42A3-9474-1A3956D46DE8}") = "Common", "Common", "{12CD4BF1-B0A6-4DBD-AFB6-6F232C92AAFA}"
EndProject
Project("{9A19103F-16F7-4668-BE54-9A1E7A4F7556}") = "BaSyx.AASX.Server.Http", "BaSyx.AASX.Server.Http\BaSyx.AASX.Server.Http.csproj", "{CACC3BFB-04DF-4E46-BBBD-2A5DA27D957D}"
EndProject
Project("{2150E333-8FDC-42A3-9474-1A3956D46DE8}") = "Tests", "Tests", "{EB38D1D3-2539-4EA3-9FA9-B91487278FC2}"
EndProject
Project("{FAE04EC0-301F-11D3-BF4B-00C04F79EFBC}") = "BaSyx.Components.Tests", "BaSyx.Components.Tests\BaSyx.Components.Tests.csproj", "{A925E735-99D9-44F8-A7BE-36836D7CC1C2}"
EndProject
Global
	GlobalSection(SolutionConfigurationPlatforms) = preSolution
		Debug|Any CPU = Debug|Any CPU
		Release|Any CPU = Release|Any CPU
	EndGlobalSection
	GlobalSection(ProjectConfigurationPlatforms) = postSolution
		{6E6F6F0A-A596-490A-8E99-39B9BA998A75}.Debug|Any CPU.ActiveCfg = Debug|Any CPU
		{6E6F6F0A-A596-490A-8E99-39B9BA998A75}.Debug|Any CPU.Build.0 = Debug|Any CPU
		{6E6F6F0A-A596-490A-8E99-39B9BA998A75}.Release|Any CPU.ActiveCfg = Release|Any CPU
		{6E6F6F0A-A596-490A-8E99-39B9BA998A75}.Release|Any CPU.Build.0 = Release|Any CPU
		{FCB4F7DC-04E0-430B-BDBE-F0209F2A29DA}.Debug|Any CPU.ActiveCfg = Debug|Any CPU
		{FCB4F7DC-04E0-430B-BDBE-F0209F2A29DA}.Debug|Any CPU.Build.0 = Debug|Any CPU
		{FCB4F7DC-04E0-430B-BDBE-F0209F2A29DA}.Release|Any CPU.ActiveCfg = Release|Any CPU
		{FCB4F7DC-04E0-430B-BDBE-F0209F2A29DA}.Release|Any CPU.Build.0 = Release|Any CPU
		{6CF9D0AD-E6D7-4646-8D38-EF5BB35C9934}.Debug|Any CPU.ActiveCfg = Debug|Any CPU
		{6CF9D0AD-E6D7-4646-8D38-EF5BB35C9934}.Debug|Any CPU.Build.0 = Debug|Any CPU
		{6CF9D0AD-E6D7-4646-8D38-EF5BB35C9934}.Release|Any CPU.ActiveCfg = Release|Any CPU
		{6CF9D0AD-E6D7-4646-8D38-EF5BB35C9934}.Release|Any CPU.Build.0 = Release|Any CPU
		{402A3977-DC44-49A8-8FE7-409F5B7D15E5}.Debug|Any CPU.ActiveCfg = Debug|Any CPU
		{402A3977-DC44-49A8-8FE7-409F5B7D15E5}.Debug|Any CPU.Build.0 = Debug|Any CPU
		{402A3977-DC44-49A8-8FE7-409F5B7D15E5}.Release|Any CPU.ActiveCfg = Release|Any CPU
		{402A3977-DC44-49A8-8FE7-409F5B7D15E5}.Release|Any CPU.Build.0 = Release|Any CPU
		{FA7BBCA0-EB78-4AF1-BA56-EE00A61B1602}.Debug|Any CPU.ActiveCfg = Debug|Any CPU
		{FA7BBCA0-EB78-4AF1-BA56-EE00A61B1602}.Debug|Any CPU.Build.0 = Debug|Any CPU
		{FA7BBCA0-EB78-4AF1-BA56-EE00A61B1602}.Release|Any CPU.ActiveCfg = Release|Any CPU
		{FA7BBCA0-EB78-4AF1-BA56-EE00A61B1602}.Release|Any CPU.Build.0 = Release|Any CPU
		{4E535B66-90CA-4B06-85EC-4A9FC25DA55C}.Debug|Any CPU.ActiveCfg = Debug|Any CPU
		{4E535B66-90CA-4B06-85EC-4A9FC25DA55C}.Debug|Any CPU.Build.0 = Debug|Any CPU
		{4E535B66-90CA-4B06-85EC-4A9FC25DA55C}.Release|Any CPU.ActiveCfg = Release|Any CPU
		{4E535B66-90CA-4B06-85EC-4A9FC25DA55C}.Release|Any CPU.Build.0 = Release|Any CPU
		{F0C9AD7D-84AE-4060-B18D-BD28B2FE80F0}.Debug|Any CPU.ActiveCfg = Debug|Any CPU
		{F0C9AD7D-84AE-4060-B18D-BD28B2FE80F0}.Debug|Any CPU.Build.0 = Debug|Any CPU
		{F0C9AD7D-84AE-4060-B18D-BD28B2FE80F0}.Release|Any CPU.ActiveCfg = Release|Any CPU
		{F0C9AD7D-84AE-4060-B18D-BD28B2FE80F0}.Release|Any CPU.Build.0 = Release|Any CPU
		{A751C274-02EE-4CB5-8C5D-821AC3363EA6}.Debug|Any CPU.ActiveCfg = Debug|Any CPU
		{A751C274-02EE-4CB5-8C5D-821AC3363EA6}.Debug|Any CPU.Build.0 = Debug|Any CPU
		{A751C274-02EE-4CB5-8C5D-821AC3363EA6}.Release|Any CPU.ActiveCfg = Release|Any CPU
		{A751C274-02EE-4CB5-8C5D-821AC3363EA6}.Release|Any CPU.Build.0 = Release|Any CPU
		{4DC3AA08-91EB-4A53-8F24-3F11E3A41149}.Debug|Any CPU.ActiveCfg = Debug|Any CPU
		{4DC3AA08-91EB-4A53-8F24-3F11E3A41149}.Debug|Any CPU.Build.0 = Debug|Any CPU
		{4DC3AA08-91EB-4A53-8F24-3F11E3A41149}.Release|Any CPU.ActiveCfg = Release|Any CPU
		{4DC3AA08-91EB-4A53-8F24-3F11E3A41149}.Release|Any CPU.Build.0 = Release|Any CPU
		{D8A737D1-4275-4DB2-9C1F-0C942C71E0B0}.Debug|Any CPU.ActiveCfg = Debug|Any CPU
		{D8A737D1-4275-4DB2-9C1F-0C942C71E0B0}.Debug|Any CPU.Build.0 = Debug|Any CPU
		{D8A737D1-4275-4DB2-9C1F-0C942C71E0B0}.Release|Any CPU.ActiveCfg = Release|Any CPU
		{D8A737D1-4275-4DB2-9C1F-0C942C71E0B0}.Release|Any CPU.Build.0 = Release|Any CPU
		{CACC3BFB-04DF-4E46-BBBD-2A5DA27D957D}.Debug|Any CPU.ActiveCfg = Debug|Any CPU
		{CACC3BFB-04DF-4E46-BBBD-2A5DA27D957D}.Debug|Any CPU.Build.0 = Debug|Any CPU
		{CACC3BFB-04DF-4E46-BBBD-2A5DA27D957D}.Release|Any CPU.ActiveCfg = Release|Any CPU
		{CACC3BFB-04DF-4E46-BBBD-2A5DA27D957D}.Release|Any CPU.Build.0 = Release|Any CPU
		{A925E735-99D9-44F8-A7BE-36836D7CC1C2}.Debug|Any CPU.ActiveCfg = Debug|Any CPU
		{A925E735-99D9-44F8-A7BE-36836D7CC1C2}.Debug|Any CPU.Build.0 = Debug|Any CPU
		{A925E735-99D9-44F8-A7BE-36836D7CC1C2}.Release|Any CPU.ActiveCfg = Release|Any CPU
		{A925E735-99D9-44F8-A7BE-36836D7CC1C2}.Release|Any CPU.Build.0 = Release|Any CPU
	EndGlobalSection
	GlobalSection(SolutionProperties) = preSolution
		HideSolutionNode = FALSE
	EndGlobalSection
	GlobalSection(NestedProjects) = preSolution
		{6E6F6F0A-A596-490A-8E99-39B9BA998A75} = {E31F180A-CC7A-437C-BF89-3478C1DE4F5C}
		{FCB4F7DC-04E0-430B-BDBE-F0209F2A29DA} = {E31F180A-CC7A-437C-BF89-3478C1DE4F5C}
		{6CF9D0AD-E6D7-4646-8D38-EF5BB35C9934} = {E31F180A-CC7A-437C-BF89-3478C1DE4F5C}
		{402A3977-DC44-49A8-8FE7-409F5B7D15E5} = {E31F180A-CC7A-437C-BF89-3478C1DE4F5C}
		{FA7BBCA0-EB78-4AF1-BA56-EE00A61B1602} = {D3E29E3D-ECAC-4F1E-A3F7-7236ED32A4C4}
		{4E535B66-90CA-4B06-85EC-4A9FC25DA55C} = {D3E29E3D-ECAC-4F1E-A3F7-7236ED32A4C4}
		{F0C9AD7D-84AE-4060-B18D-BD28B2FE80F0} = {65F8A5ED-38DA-438D-BA67-9D63536F9534}
		{A751C274-02EE-4CB5-8C5D-821AC3363EA6} = {65F8A5ED-38DA-438D-BA67-9D63536F9534}
		{4DC3AA08-91EB-4A53-8F24-3F11E3A41149} = {D4730DAB-AF9B-4ECD-9BB3-FA386754D3F8}
		{D8A737D1-4275-4DB2-9C1F-0C942C71E0B0} = {12CD4BF1-B0A6-4DBD-AFB6-6F232C92AAFA}
		{CACC3BFB-04DF-4E46-BBBD-2A5DA27D957D} = {D3E29E3D-ECAC-4F1E-A3F7-7236ED32A4C4}
		{A925E735-99D9-44F8-A7BE-36836D7CC1C2} = {EB38D1D3-2539-4EA3-9FA9-B91487278FC2}
	EndGlobalSection
	GlobalSection(ExtensibilityGlobals) = postSolution
		SolutionGuid = {8DC440E9-3A4D-4D67-B741-72B8F15EB8C7}
	EndGlobalSection
EndGlobal
